# GENERATED by scripts/lock.py from requirements-dev.in — do not edit; edit requirements-dev.in and run it again.

ifcopenshell==0.8.5 \
    --hash=sha256:005dced5aaa45064e73287c75ed9cf5f8ba54bce80c496fd76404313833cd62e \
    --hash=sha256:13a5992dc07e69c0c78df5479e1ff9635e6ce9fa70c841d9ce2931e8481eabb9 \
    --hash=sha256:15b488347efce0d7f5ab5b6d5561cf30428353b6ee8c7c8a53724f4b10ad4ac6 \
    --hash=sha256:233e2afd81456ac278f2dd21360c509999498d0b8dc207230eb05e3063f87860 \
    --hash=sha256:38f63e13cf326b195e2b9ac4ed45396cdda9b3ad29318ce04d7c4a401f7a3921 \
    --hash=sha256:3b1c5a2ea655d96914ddafd258aa6183f29fb7a08b2b10a329b204b8deca7226 \
    --hash=sha256:487189a6a70f9c688ae58efa075312d0dbba3e83839abaafbfe669bbfdb66e2a \
    --hash=sha256:612e955ab0975bbc4134fe26c4c36d71a12525fd5c4b391573e6df3cd81713ec \
    --hash=sha256:6dd40d29b21d1c92104a4585a1ee6a31811305b68f5e3f7ee991f89f4d386366 \
    --hash=sha256:7927921dbfd18024f44780880c37e48460bbca7476da3b0c2607e044b31521d5 \
    --hash=sha256:7dba9a0348600bd59ceb9222333e493b9b1c49fc69251a73bc707e77a445007d \
    --hash=sha256:86b60a3fba3c5b3c5a152a71b1a5038a78384fcaa0bab61297bf363c8bedd325 \
    --hash=sha256:89e60dbe8ea7014174ab332b6caad25465c446c118a896435f594ab24602a10a \
    --hash=sha256:8cf1f7fd49367aeba75eb56682f1454b2f353a979c6111a165bc05bc62148600 \
    --hash=sha256:8de53ba37e762f2e2ba7cf502f15504b886233f681c30245ae7b4ed82087445d \
    --hash=sha256:9444ed9b924eaa76037653c56261098846bffa2f4732eefa8b83687163addecd \
    --hash=sha256:a5183ae0431a9b87d89ca2e880dae986e4140f088293c3872a88ed3177e7308d \
    --hash=sha256:a994cb398aa822b0153ace11fc19deea108706d3a10339de9ac9dc13da21076d \
    --hash=sha256:ba916b73a1dd011abeee564b2bb0027c3dc679d77733d44f2f38009b70d413b5 \
    --hash=sha256:beb9e761ea9b6678c5edff4d6ab31e40a771fffca3bc295810045de564f1b018 \
    --hash=sha256:c03c47abbfd0afddcbc91b510d984d7c017a222877460da5e0a6496d89f185e4 \
    --hash=sha256:dd154b121815e25bc4890f030bf2bdd8d99b059448e0d1205ac81388a3d321f4 \
    --hash=sha256:e568a859b489ba43013795c3d682758d1ee905fe08919d2c96b5c5676167b243 \
    --hash=sha256:f8abac2bd3a3eb11009beb290834d8a5a2330d59a8600dede0faf7ddf8a8f16f \
    --hash=sha256:f9e35e2df5397c795b320421192fcdb006573d1b36524f420d2474a4f9d842cf
iniconfig==2.3.0 \
    --hash=sha256:c76315c77db068650d49c5b56314774a7804df16fee4402c1f19d6d15d8c4730 \
    --hash=sha256:f631c04d2c48c52b84d0d0549c99ff3859c98df65b3101406327ecc7d53fbf12
isodate==0.7.2 \
    --hash=sha256:28009937d8031054830160fce6d409ed342816b543597cece116d966c6d99e15 \
    --hash=sha256:4cd1aa0f43ca76f4a6c6c0292a85f40b35ec2e43e315b59f06e6d32171a953e6
lark==1.3.1 \
    --hash=sha256:b426a7a6d6d53189d318f2b6236ab5d6429eaf09259f1ca33eb716eed10d2905 \
    --hash=sha256:c629b661023a014c37da873b4ff58a817398d12635d3bbb2c5a03be7fe5d1e12
numpy==2.5.3 \
    --hash=sha256:012e66aca395d795496446e52aeeb5866312a5d4d3f27da270e5a0b43f70dc5c \
    --hash=sha256:09d5a423c71ad5feb5625844ad58050e35df43871004b52ac9c0ad44a56775be \
    --hash=sha256:09ffa5d903faeaa5c4dd05009cf81c8bab9f2cb37c548b8d39b65b4cfa7c97f7 \
    --hash=sha256:0a59a421a32580a009e8a1751345bf829631b990dc1794b80514ab722b435def \
    --hash=sha256:116f96cadd935c6122e9228d676fe7ede19e741f5c8bb1c3cddbe0c51ccebea2 \
    --hash=sha256:1302b90c0e52281681b2975adfe8a860cb7b12216a27b4b0b4207c44bf7bccf0 \
    --hash=sha256:15aa985ac73a8db02db7663381aa109510449d3819d37206caed27b33a65a8a6 \
    --hash=sha256:1aad64d99730d013cfc6debafed22783b4fc5a7f4b8bc744d2d8cf7dcc880551 \
    --hash=sha256:1c80eabb4035ecf4ca9cd49cde8a9fdd69a729e63e6474887d1523ade7aa277f \
    --hash=sha256:1f3ed25271581281f2fccb1adcedfcde4c07362eec69189b50baf6f90e3ae159 \
    --hash=sha256:1fb6f8fb9ff0b3a69f52c66ce397b0246583e9f28616231b0e32ca49259a5fa6 \
    --hash=sha256:214045a5bf00113a146ab9ee9730c44501af6723cdf1f6830932f7b5ef2e7af0 \
    --hash=sha256:26e15e4aecd8617dfbaecb37d223e365d7b39411fba20454be2670a96aa74cb5 \
    --hash=sha256:2c25dfa72943e4336ddb6b0ee4277b47a0c85bede0807530ec68103bf58e2c10 \
    --hash=sha256:2d8240cb4c16fd831074aa2b2cf9fc54664d826341d61c372245b96a74a49a9a \
    --hash=sha256:350ba9783ce969cf9f7ce6e6a9a58e1a6e2a19ca025b7ee448c4db727706212a \
    --hash=sha256:4c8a6d2ebce6305fd82fbefca827775437147052a976ee7c94b36a0c1b52ac6c \
    --hash=sha256:4f8929ee6c96bfbd7b4ed2032e0c03af86fe1826740ab61ddabf9072d06e57ff \
    --hash=sha256:536f963710a4e63934d80ac0dc4f478804a83e9a84b6828018f25d09953ada33 \
    --hash=sha256:54a115e5a73b8fc44f0cebef486365a1894b5c9760685d4558b72b7c3eb846e0 \
    --hash=sha256:595d020938c84e320bcf40ad71089e108eac0d377cd018e14a8c094f39e98d85 \
    --hash=sha256:66a78fe4556c60aceda5916f9eacd638b18e9e681016ec302dcb4682d6d4d034 \
    --hash=sha256:6b05c171afb3aa07adbd20abc00aea86fe375beb0fdb9ef780ec5b7f63bab1c0 \
    --hash=sha256:6cef4bb1706dfec49243c05d921eefb4e190d41e2528b30d8035ea1f36b4c24a \
    --hash=sha256:6f24021b9f22bc6301c37b196974a92c1c18dccedb6fef3dd252e95f2d6adbe4 \
    --hash=sha256:71b39d9f935b6ec0f8753e3e2afb51e3efba6f2e05b68b32a40754d24bcd4a3c \
    --hash=sha256:71cad2b2a7451ab79d8f5e71b453485b6775963d5cf794179144a7463fe6e8ec \
    --hash=sha256:76c2c1e6bfa5c84adc6434dfbf013aa92096a7985221762c8f11fedfd20fff58 \
    --hash=sha256:8617bbfae4486cf99c9f899966699428d19da931d06ca94ad3da986c76e15997 \
    --hash=sha256:86bff898a431c0fb71f7610b75726e75a54d47b37edc9d537f48de63bb3c0b90 \
    --hash=sha256:8e4dd766076855b5ff7ea52fa5f07ce26286726e0f8bff446b7739d02e6ea204 \
    --hash=sha256:92f30e89b8ee0ecf363033576c422b2f58fed6a80bed0aa48dff6d14c654663e \
    --hash=sha256:93e1f5447e2b1e479d7bd74701e84746b86450cff1fc368b132d195e2b8f8211 \
    --hash=sha256:9a37475425b431b4d060f23b4f52cd2f3aef6bc7c654bd760adf0040eec9d435 \
    --hash=sha256:9deb49575e5b0b94ed72c8a64ec4d033381adc27e9060ae842971f697ba96104 \
    --hash=sha256:a5fa86b80fd24bcd1aff83ad23be44ea323de3f787be8f8b15d4a65621e25321 \
    --hash=sha256:a6391fafaba97500887132cd582abc6e19452b1ac775a47caa7b24490e152058 \
    --hash=sha256:a72f874bc9e10e4b8f80426fb49716d5141f64442a0c8418065093ec8017fbb0 \
    --hash=sha256:ac7bb1c52d445bd4f8f7f97fefe6abc3a084dc4d63df50d79b17fa2b78e89297 \
    --hash=sha256:adc1ada2662f8a5f960b8a10d9986897e7499ef07e06d4cfe7197f8cce923c07 \
    --hash=sha256:b00eefbcf0f292945c4b4dec2ae845389ef5bcdcd596e6e4328051db5b5ba694 \
    --hash=sha256:b0521d0f4aebb6e06189451025fa17a913287b13c03d5fe05c017333b654ea5b \
    --hash=sha256:b5d93cf48f687479941d12b69c873ad2cc76bbd487f0091c2200636497f34034 \
    --hash=sha256:b7e18c623bb5c95acb3b3328861272816ba199fb531921c5d6d0b675f1fde9e3 \
    --hash=sha256:bd4cb9ad3c7889b9b3fe0a9a9fb5d2ed26f9879bff2608d9f01aed147a20d231 \
    --hash=sha256:be5a8381859b6da607c84f4f7d6847725f1cf1853ef8a2c9e115b7d58bef47dc \
    --hash=sha256:befa1ae5bd6030b3f512b43ff3fa5290bbed6b84411a44244b14adf835f5b89d \
    --hash=sha256:bf63afbe037eb5d2fe87fbcc7778e61da53ebaf21d938a4515aa73b62532a5d4 \
    --hash=sha256:c00abe94c1a69d75d827dcf1c025b25c8a45d230b3bcd77a9020883a1b047653 \
    --hash=sha256:c2381f82999704f818e2c987a865050e285ec3621262c66d40f5a96c8f899f8e \
    --hash=sha256:c76d5dde9f445058f83d0c02af00557a4db91de9a9a57c0df87d1535001d654b \
    --hash=sha256:cb189f09db39283b26bfd061ec16189e14f71c6755207f72a0f7540867afe5b9 \
    --hash=sha256:ccb32e0525d29e8b0572eb84c9a57af0e7a4e615726927506f55063c62414034 \
    --hash=sha256:ccbc4665079665c3cf3bab4db9f6b095370cd6437d66be549b6c2a1fd19e1958 \
    --hash=sha256:d1c89973648c85069c5046ad460f7b8a00218b29a2e42359ac8cc63e9ab94832 \
    --hash=sha256:df2d5874ff183595a4ba404edd04f6bd9b5505c1d7708573f6a6c17489a67563 \
    --hash=sha256:e01c918ac3d48e18a927cf7b14a26a3e29ff2bdf2eacb976da0aecd6a43ed034 \
    --hash=sha256:e6ab667ba76450084eb64013762c438ea76d9d29cc676dcd6c2e9892ba37f841 \
    --hash=sha256:e931e4f499e0dc7ef29d269a8e5b35dd722e5d14be07df6240166ea7c6532fae \
    --hash=sha256:f54660b0eb6b0b9f36e7fe1cdfdff472028dd0d14acd9b9b65098efbad059469 \
    --hash=sha256:f59a878c33d6b88122d80d239bb3b845d58708750b0cb06a09aebb9b18ec696c \
    --hash=sha256:f7fabeb6cea87d65f3b926de33d03fb016cfdc29314c90974383b5582ae72891 \
    --hash=sha256:f9579f383d1bf9df80081e72760e84960a7fd4f88cf0c9e535a8597c9bb646f5 \
    --hash=sha256:f9a2353b37a1a9e78fd82b27ad7e2a32a2d036604d18f02b05e3136c62ca3b09 \
    --hash=sha256:fc36dc566135b5eceec4cf89758fcb719266a019ef07dae1754ae7c9f617ef3e \
    --hash=sha256:ffdc76bfcae6b255dff75202c5e7feaf95b40246bc0a17944facc1fecf9f79ab
packaging==26.3 \
    --hash=sha256:94edc256424af38762eb31306eed28beb9f0efc50a8837492c9d6fd6004aed79 \
    --hash=sha256:d7193f7c8e4e93f444fde0262bf90af30e16fa0ad0ad44cb553c87339b23cd1c
pluggy==1.6.0 \
    --hash=sha256:7dcc130b76258d33b90f61b658791dede3486c3e6bfb003ee5c9bfb396dd22f3 \
    --hash=sha256:e920276dd6813095e9377c0bc5566d94c932c33b27a3e3945d8389c374dd4746
pygments==2.21.0 \
    --hash=sha256:2363c69b61c4a97c838da3b130dcd6468f4848992b21a82f2a63ec34377137d9 \
    --hash=sha256:610ca751c9bc2492b38eb9a38a7fbc93edbbb2d7182edaf34e66ae493dee5c8c
pytest==9.1.1 \
    --hash=sha256:1088fbde8f2b49d95a549a195707afa7a76a3ce9bcadc26b6d71f0ffda5fe313 \
    --hash=sha256:37a86b45efb9a47a61a36449063e8e18d0cab3161329fc099eb21783169c4f0c
python-dateutil==2.9.0.post0 \
    --hash=sha256:37dd54208da7e1cd875388217d5e00ebd4179249f90fb72437e91a35459a0ad3 \
    --hash=sha256:a8b2bc7bffae282281c8140a97d3aa9c14da0b136dfe83f850eea9a5f7470427
shapely==2.1.2 \
    --hash=sha256:0036ac886e0923417932c2e6369b6c52e38e0ff5d9120b90eef5cd9a5fc5cae9 \
    --hash=sha256:01d0d304b25634d60bd7cf291828119ab55a3bab87dc4af1e44b07fb225f188b \
    --hash=sha256:0bd308103340030feef6c111d3eb98d50dc13feea33affc8a6f9fa549e9458a3 \
    --hash=sha256:136ab87b17e733e22f0961504d05e77e7be8c9b5a8184f685b4a91a84efe3c26 \
    --hash=sha256:16a9c722ba774cf50b5d4541242b4cce05aafd44a015290c82ba8a16931ff63d \
    --hash=sha256:16c5d0fc45d3aa0a69074979f4f1928ca2734fb2e0dde8af9611e134e46774e7 \
    --hash=sha256:19efa3611eef966e776183e338b2d7ea43569ae99ab34f8d17c2c054d3205cc0 \
    --hash=sha256:1d0bfb4b8f661b3b4ec3565fa36c340bfb1cda82087199711f86a88647d26b2f \
    --hash=sha256:1e7d4d7ad262a48bb44277ca12c7c78cb1b0f56b32c10734ec9a1d30c0b0c54b \
    --hash=sha256:1f2f33f486777456586948e333a56ae21f35ae273be99255a191f5c1fa302eb4 \
    --hash=sha256:1ff629e00818033b8d71139565527ced7d776c269a49bd78c9df84e8f852190c \
    --hash=sha256:21952dc00df38a2c28375659b07a3979d22641aeb104751e769c3ee825aadecf \
    --hash=sha256:2d93d23bdd2ed9dc157b46bc2f19b7da143ca8714464249bef6771c679d5ff40 \
    --hash=sha256:2ed4ecb28320a433db18a5bf029986aa8afcfd740745e78847e330d5d94922a9 \
    --hash=sha256:2fa78b49485391224755a856ed3b3bd91c8455f6121fee0db0e71cefb07d0ef6 \
    --hash=sha256:346ec0c1a0fcd32f57f00e4134d1200e14bf3f5ae12af87ba83ca275c502498c \
    --hash=sha256:361b6d45030b4ac64ddd0a26046906c8202eb60d0f9f53085f5179f1d23021a0 \
    --hash=sha256:40d784101f5d06a1fd30b55fc11ea58a61be23f930d934d86f19a180909908a4 \
    --hash=sha256:4a44bc62a10d84c11a7a3d7c1c4fe857f7477c3506e24c9062da0db0ae0c449c \
    --hash=sha256:5860eb9f00a1d49ebb14e881f5caf6c2cf472c7fd38bd7f253bbd34f934eb076 \
    --hash=sha256:5ebe3f84c6112ad3d4632b1fd2290665aa75d4cef5f6c5d77c4c95b324527c6a \
    --hash=sha256:61edcd8d0d17dd99075d320a1dd39c0cb9616f7572f10ef91b4b5b00c4aeb566 \
    --hash=sha256:6305993a35989391bd3476ee538a5c9a845861462327efe00dd11a5c8c709a99 \
    --hash=sha256:6ddc759f72b5b2b0f54a7e7cde44acef680a55019eb52ac63a7af2cf17cb9cd2 \
    --hash=sha256:743044b4cfb34f9a67205cee9279feaf60ba7d02e69febc2afc609047cb49179 \
    --hash=sha256:7ae48c236c0324b4e139bea88a306a04ca630f49be66741b340729d380d8f52f \
    --hash=sha256:7ed1a5bbfb386ee8332713bf7508bc24e32d24b74fc9a7b9f8529a55db9f4ee6 \
    --hash=sha256:8cff473e81017594d20ec55d86b54bc635544897e13a7cfc12e36909c5309a2a \
    --hash=sha256:8d8382dd120d64b03698b7298b89611a6ea6f55ada9d39942838b79c9bc89801 \
    --hash=sha256:9111274b88e4d7b54a95218e243282709b330ef52b7b86bc6aaf4f805306f454 \
    --hash=sha256:91121757b0a36c9aac3427a651a7e6567110a4a67c97edf04f8d55d4765f6618 \
    --hash=sha256:980c777c612514c0cf99bc8a9de6d286f5e186dcaf9091252fcd444e5638193d \
    --hash=sha256:9a522f460d28e2bf4e12396240a5fc1518788b2fcd73535166d748399ef0c223 \
    --hash=sha256:9c3a3c648aedc9f99c09263b39f2d8252f199cb3ac154fadc173283d7d111350 \
    --hash=sha256:a1fd0ea855b2cf7c9cddaf25543e914dd75af9de08785f20ca3085f2c9ca60b0 \
    --hash=sha256:a444e7afccdb0999e203b976adb37ea633725333e5b119ad40b1ca291ecf311c \
    --hash=sha256:a84e0582858d841d54355246ddfcbd1fce3179f185da7470f41ce39d001ee1af \
    --hash=sha256:b510dda1a3672d6879beb319bc7c5fd302c6c354584690973c838f46ec3e0fa8 \
    --hash=sha256:b54df60f1fbdecc8ebc2c5b11870461a6417b3d617f555e5033f1505d36e5735 \
    --hash=sha256:b705c99c76695702656327b819c9660768ec33f5ce01fa32b2af62b56ba400a1 \
    --hash=sha256:ba4d1333cc0bc94381d6d4308d2e4e008e0bd128bdcff5573199742ee3634359 \
    --hash=sha256:c64d5c97b2f47e3cd9b712eaced3b061f2b71234b3fc263e0fcf7d889c6559dc \
    --hash=sha256:c8876673449f3401f278c86eb33224c5764582f72b653a415d0e6672fde887bf \
    --hash=sha256:ca2591bff6645c216695bdf1614fca9c82ea1144d4a7591a466fef64f28f0715 \
    --hash=sha256:cc4f7397459b12c0b196c9efe1f9d7e92463cbba142632b4cc6d8bbbbd3e2b09 \
    --hash=sha256:cf831a13e0d5a7eb519e96f58ec26e049b1fad411fc6fc23b162a7ce04d9cffc \
    --hash=sha256:dc3487447a43d42adcdf52d7ac73804f2312cbfa5d433a7d2c506dcab0033dfd \
    --hash=sha256:df90e2db118c3671a0754f38e36802db75fe0920d211a27481daf50a711fdf26 \
    --hash=sha256:e38a190442aacc67ff9f75ce60aec04893041f16f97d242209106d502486a142 \
    --hash=sha256:e9eddfe513096a71896441a7c37db72da0687b34752c4e193577a145c71736fc \
    --hash=sha256:eba6710407f1daa8e7602c347dfc94adc02205ec27ed956346190d66579eb9ea \
    --hash=sha256:ef4a456cc8b7b3d50ccec29642aa4aeda959e9da2fe9540a92754770d5f0cf1f \
    --hash=sha256:f67b34271dedc3c653eba4e3d7111aa421d5be9b4c4c7d38d30907f796cb30df \
    --hash=sha256:f6f6cd5819c50d9bcf921882784586aab34a4bd53e7553e175dece6db513a6f0 \
    --hash=sha256:fe2533caae6a91a543dec62e8360fe86ffcdc42a7c55f9dfd0128a977a896b94 \
    --hash=sha256:fe7b77dc63d707c09726b7908f575fc04ff1d1ad0f3fb92aec212396bc6cfe5e \
    --hash=sha256:fe9627c39c59e553c90f5bc3128252cb85dc3b3be8189710666d2f8bc3a5503e
six==1.17.0 \
    --hash=sha256:4721f391ed90541fddacab5acf947aa0d3dc7d27b2e1e8eda2be8970586c3274 \
    --hash=sha256:ff70335d468e7eb6ec65b95b99d3a2836546063f63acc5171de367e834932a81
typing-extensions==4.16.0 \
    --hash=sha256:481caa481374e813c1b176ada14e97f1f67a4539ce9cfeb3f350d78d6370c2e8 \
    --hash=sha256:dc983d19a509c94dba722ee6abd33940f7c05a89e243c47e907eb4db6f1a43e5
